PODS:
  - LXPodsLib (0.3.0)

DEPENDENCIES:
  - LXPodsLib (from `../LXPodsLib.podspec`)

EXTERNAL SOURCES:
  LXPodsLib:
    :path: "../LXPodsLib.podspec"

SPEC CHECKSUMS:
  LXPodsLib: 3627934c5f67292ca52f7aea165c60d9c2f354dd

PODFILE CHECKSUM: 39ee9f6049bf0dbef9b72a3b89ee920245515dac

COCOAPODS: 1.10.0.rc.1
